
Microsoft Visual Studio Solution File, Format Version 12.00
# Visual Studio Version 17
VisualStudioVersion = 17.6.33829.357
MinimumVisualStudioVersion = 10.0.40219.1
Project("{FAE04EC0-301F-11D3-BF4B-00C04F79EFBC}") = "latihan2", "latihan2\latihan2.csproj", "{967FD2E1-B383-497D-AED8-463F01F92352}"
EndProject
Global
	GlobalSection(SolutionConfigurationPlatforms) = preSolution
		Debug|Any CPU = Debug|Any CPU
		Release|Any CPU = Release|Any CPU
	EndGlobalSection
	GlobalSection(ProjectConfigurationPlatforms) = postSolution
		{967FD2E1-B383-497D-AED8-463F01F92352}.Debug|Any CPU.ActiveCfg = Debug|Any CPU
		{967FD2E1-B383-497D-AED8-463F01F92352}.Debug|Any CPU.Build.0 = Debug|Any CPU
		{967FD2E1-B383-497D-AED8-463F01F92352}.Release|Any CPU.ActiveCfg = Release|Any CPU
		{967FD2E1-B383-497D-AED8-463F01F92352}.Release|Any CPU.Build.0 = Release|Any CPU
	EndGlobalSection
	GlobalSection(SolutionProperties) = preSolution
		HideSolutionNode = FALSE
	EndGlobalSection
	GlobalSection(ExtensibilityGlobals) = postSolution
		SolutionGuid = {4C18FDEC-7628-4DE4-8162-B29282BABD99}
	EndGlobalSection
EndGlobal
